
Microsoft Visual Studio Solution File, Format Version 12.00
# Visual Studio 15
Project("{FAE04EC0-301F-11D3-BF4B-00C04F79EFBC}") = "firstApp", "firstApp.csproj", "{2B4C5E4B-D5AC-420A-A4F0-ADF02CC7A463}"
EndProject
Global
	GlobalSection(SolutionConfigurationPlatforms) = preSolution
		Debug|Any CPU = Debug|Any CPU
		Release|Any CPU = Release|Any CPU
	EndGlobalSection
	GlobalSection(ProjectConfigurationPlatforms) = postSolution
		{2B4C5E4B-D5AC-420A-A4F0-ADF02CC7A463}.Debug|Any CPU.ActiveCfg = Debug|Any CPU
		{2B4C5E4B-D5AC-420A-A4F0-ADF02CC7A463}.Debug|Any CPU.Build.0 = Debug|Any CPU
		{2B4C5E4B-D5AC-420A-A4F0-ADF02CC7A463}.Release|Any CPU.ActiveCfg = Release|Any CPU
		{2B4C5E4B-D5AC-420A-A4F0-ADF02CC7A463}.Release|Any CPU.Build.0 = Release|Any CPU
	EndGlobalSection
EndGlobal
